// !$*UTF8*$!
{
	archiveVersion = 1;
	classes = {
	};
	objectVersion = 48;
	objects = {

/* Begin PBXBuildFile section */
		C41083612056B4DF00C47473 /* ReallyGoodViewController.swift in Sources */ = {isa = PBXBuildFile; fileRef = C410835F2056B4DF00C47473 /* ReallyGoodViewController.swift */; };
		C41083622056B4DF00C47473 /* ChatRoomTableViewCell.swift in Sources */ = {isa = PBXBuildFile; fileRef = C41083602056B4DF00C47473 /* ChatRoomTableViewCell.swift */; };
		C81940F1205B8F4000D4B2E9 /* ChatVCViewController.swift in Sources */ = {isa = PBXBuildFile; fileRef = C81940F0205B8F4000D4B2E9 /* ChatVCViewController.swift */; };
		C821152A2066EC0D001EB8B9 /* DateAndTime.swift in Sources */ = {isa = PBXBuildFile; fileRef = C82115292066EC0D001EB8B9 /* DateAndTime.swift */; };
		C8266257206E5B3F00C8D601 /* Other code.swift in Sources */ = {isa = PBXBuildFile; fileRef = C8266256206E5B3F00C8D601 /* Other code.swift */; };
		C856DC732050451D007BF48D /* LoginViewController.swift in Sources */ = {isa = PBXBuildFile; fileRef = C856DC722050451D007BF48D /* LoginViewController.swift */; };
		C861EACC206D251C00DD78DB /* NewRoom.swift in Sources */ = {isa = PBXBuildFile; fileRef = C861EACB206D251C00DD78DB /* NewRoom.swift */; };
		C871FA0A206BDF8500FCC657 /* ReallyGoodViewControllerList.swift in Sources */ = {isa = PBXBuildFile; fileRef = C871FA09206BDF8500FCC657 /* ReallyGoodViewControllerList.swift */; };
		C88E6956204EFB54001B3AE2 /* AppDelegate.swift in Sources */ = {isa = PBXBuildFile; fileRef = C88E6955204EFB54001B3AE2 /* AppDelegate.swift */; };
		C88E695B204EFB54001B3AE2 /* Main.storyboard in Resources */ = {isa = PBXBuildFile; fileRef = C88E6959204EFB54001B3AE2 /* Main.storyboard */; };
		C88E695E204EFB54001B3AE2 /* Geo_Chat.xcdatamodeld in Sources */ = {isa = PBXBuildFile; fileRef = C88E695C204EFB54001B3AE2 /* Geo_Chat.xcdatamodeld */; };
		C88E6960204EFB54001B3AE2 /* Assets.xcassets in Resources */ = {isa = PBXBuildFile; fileRef = C88E695F204EFB54001B3AE2 /* Assets.xcassets */; };
		C88E6963204EFB54001B3AE2 /* LaunchScreen.storyboard in Resources */ = {isa = PBXBuildFile; fileRef = C88E6961204EFB54001B3AE2 /* LaunchScreen.storyboard */; };
		C88E696B204F03A8001B3AE2 /* GoogleService-Info.plist in Resources */ = {isa = PBXBuildFile; fileRef = C88E696A204F03A8001B3AE2 /* GoogleService-Info.plist */; };
		C88E696D204F0AE6001B3AE2 /* RegisteryViewController.swift in Sources */ = {isa = PBXBuildFile; fileRef = C88E696C204F0AE6001B3AE2 /* RegisteryViewController.swift */; };
		C8A741032074B59900C93738 /* FirebaseOther.swift in Sources */ = {isa = PBXBuildFile; fileRef = C8A741022074B59900C93738 /* FirebaseOther.swift */; };
		C8A9A0B82074161D00FD512C /* AnimationRegisteryView.swift in Sources */ = {isa = PBXBuildFile; fileRef = C8A9A0B72074161D00FD512C /* AnimationRegisteryView.swift */; };
		C8A9A0BA20741A4600FD512C /* MapCenterView.swift in Sources */ = {isa = PBXBuildFile; fileRef = C8A9A0B920741A4600FD512C /* MapCenterView.swift */; };
		C8A9A0BC20741E2400FD512C /* RegisterNewUsers.swift in Sources */ = {isa = PBXBuildFile; fileRef = C8A9A0BB20741E2400FD512C /* RegisterNewUsers.swift */; };
		C8BBFEC02053D5BF00E6BC57 /* UserInfo.swift in Sources */ = {isa = PBXBuildFile; fileRef = C8BBFEBF2053D5BF00E6BC57 /* UserInfo.swift */; };
		C8BBFEC22053D70200E6BC57 /* Contacts.swift in Sources */ = {isa = PBXBuildFile; fileRef = C8BBFEC12053D70200E6BC57 /* Contacts.swift */; };
		C8D1E21C206CCF7A00A97163 /* CoreLocation.framework in Frameworks */ = {isa = PBXBuildFile; fileRef = C8D1E21B206CCF7900A97163 /* CoreLocation.framework */; };
		C8D20B532059AE1B00B32DD6 /* Messages.swift in Sources */ = {isa = PBXBuildFile; fileRef = C8D20B522059AE1B00B32DD6 /* Messages.swift */; };
		C8EF082F204FE91D0038E7BE /* userInfo.swift in Sources */ = {isa = PBXBuildFile; fileRef = C8EF082E204FE91D0038E7BE /* userInfo.swift */; };
		F3A38779061385FE773198CD /* Pods_Geo_Chat.framework in Frameworks */ = {isa = PBXBuildFile; fileRef = 2CF934F196B2032C622AEC7C /* Pods_Geo_Chat.framework */; };
/* End PBXBuildFile section */

/* Begin PBXFileReference section */
		143F68D04D499A27B9F2768C /* Pods-Geo_Chat.debug.xcconfig */ = {isa = PBXFileReference; includeInIndex = 1; lastKnownFileType = text.xcconfig; name = "Pods-Geo_Chat.debug.xcconfig"; path = "Pods/Target Support Files/Pods-Geo_Chat/Pods-Geo_Chat.debug.xcconfig"; sourceTree = "<group>"; };
		2CF934F196B2032C622AEC7C /* Pods_Geo_Chat.framework */ = {isa = PBXFileReference; explicitFileType = wrapper.framework; includeInIndex = 0; path = Pods_Geo_Chat.framework; sourceTree = BUILT_PRODUCTS_DIR; };
		390BAAC82E55A0D069E1AE28 /* Pods-Geo_Chat.release.xcconfig */ = {isa = PBXFileReference; includeInIndex = 1; lastKnownFileType = text.xcconfig; name = "Pods-Geo_Chat.release.xcconfig"; path = "Pods/Target Support Files/Pods-Geo_Chat/Pods-Geo_Chat.release.xcconfig"; sourceTree = "<group>"; };
		C410835F2056B4DF00C47473 /* ReallyGoodViewController.swift */ = {isa = PBXFileReference; fileEncoding = 4; lastKnownFileType = sourcecode.swift; path = ReallyGoodViewController.swift; sourceTree = "<group>"; };
		C41083602056B4DF00C47473 /* ChatRoomTableViewCell.swift */ = {isa = PBXFileReference; fileEncoding = 4; lastKnownFileType = sourcecode.swift; path = ChatRoomTableViewCell.swift; sourceTree = "<group>"; };
		C81940F0205B8F4000D4B2E9 /* ChatVCViewController.swift */ = {isa = PBXFileReference; lastKnownFileType = sourcecode.swift; path = ChatVCViewController.swift; sourceTree = "<group>"; };
		C82115292066EC0D001EB8B9 /* DateAndTime.swift */ = {isa = PBXFileReference; lastKnownFileType = sourcecode.swift; path = DateAndTime.swift; sourceTree = "<group>"; };
		C8266256206E5B3F00C8D601 /* Other code.swift */ = {isa = PBXFileReference; lastKnownFileType = sourcecode.swift; path = "Other code.swift"; sourceTree = "<group>"; };
		C856DC722050451D007BF48D /* LoginViewController.swift */ = {isa = PBXFileReference; fileEncoding = 4; lastKnownFileType = sourcecode.swift; path = LoginViewController.swift; sourceTree = "<group>"; };
		C861EACB206D251C00DD78DB /* NewRoom.swift */ = {isa = PBXFileReference; lastKnownFileType = sourcecode.swift; path = NewRoom.swift; sourceTree = "<group>"; };
		C871FA09206BDF8500FCC657 /* ReallyGoodViewControllerList.swift */ = {isa = PBXFileReference; lastKnownFileType = sourcecode.swift; path = ReallyGoodViewControllerList.swift; sourceTree = "<group>"; };
		C88E6952204EFB54001B3AE2 /* Geo_Chat.app */ = {isa = PBXFileReference; explicitFileType = wrapper.application; includeInIndex = 0; path = Geo_Chat.app; sourceTree = BUILT_PRODUCTS_DIR; };
		C88E6955204EFB54001B3AE2 /* AppDelegate.swift */ = {isa = PBXFileReference; lastKnownFileType = sourcecode.swift; path = AppDelegate.swift; sourceTree = "<group>"; };
		C88E695A204EFB54001B3AE2 /* Base */ = {isa = PBXFileReference; lastKnownFileType = file.storyboard; name = Base; path = Base.lproj/Main.storyboard; sourceTree = "<group>"; };
		C88E695D204EFB54001B3AE2 /* Geo_Chat.xcdatamodel */ = {isa = PBXFileReference; lastKnownFileType = wrapper.xcdatamodel; path = Geo_Chat.xcdatamodel; sourceTree = "<group>"; };
		C88E695F204EFB54001B3AE2 /* Assets.xcassets */ = {isa = PBXFileReference; lastKnownFileType = folder.assetcatalog; path = Assets.xcassets; sourceTree = "<group>"; };
		C88E6962204EFB54001B3AE2 /* Base */ = {isa = PBXFileReference; lastKnownFileType = file.storyboard; name = Base; path = Base.lproj/LaunchScreen.storyboard; sourceTree = "<group>"; };
		C88E6964204EFB54001B3AE2 /* Info.plist */ = {isa = PBXFileReference; lastKnownFileType = text.plist.xml; path = Info.plist; sourceTree = "<group>"; };
		C88E696A204F03A8001B3AE2 /* GoogleService-Info.plist */ = {isa = PBXFileReference; fileEncoding = 4; lastKnownFileType = text.plist.xml; path = "GoogleService-Info.plist"; sourceTree = "<group>"; };
		C88E696C204F0AE6001B3AE2 /* RegisteryViewController.swift */ = {isa = PBXFileReference; lastKnownFileType = sourcecode.swift; path = RegisteryViewController.swift; sourceTree = "<group>"; };
		C8A741022074B59900C93738 /* FirebaseOther.swift */ = {isa = PBXFileReference; lastKnownFileType = sourcecode.swift; path = FirebaseOther.swift; sourceTree = "<group>"; };
		C8A9A0B72074161D00FD512C /* AnimationRegisteryView.swift */ = {isa = PBXFileReference; lastKnownFileType = sourcecode.swift; path = AnimationRegisteryView.swift; sourceTree = "<group>"; };
		C8A9A0B920741A4600FD512C /* MapCenterView.swift */ = {isa = PBXFileReference; lastKnownFileType = sourcecode.swift; path = MapCenterView.swift; sourceTree = "<group>"; };
		C8A9A0BB20741E2400FD512C /* RegisterNewUsers.swift */ = {isa = PBXFileReference; lastKnownFileType = sourcecode.swift; path = RegisterNewUsers.swift; sourceTree = "<group>"; };
		C8BBFEBF2053D5BF00E6BC57 /* UserInfo.swift */ = {isa = PBXFileReference; lastKnownFileType = sourcecode.swift; path = UserInfo.swift; sourceTree = "<group>"; };
		C8BBFEC12053D70200E6BC57 /* Contacts.swift */ = {isa = PBXFileReference; lastKnownFileType = sourcecode.swift; path = Contacts.swift; sourceTree = "<group>"; };
		C8D1E21B206CCF7900A97163 /* CoreLocation.framework */ = {isa = PBXFileReference; lastKnownFileType = wrapper.framework; name = CoreLocation.framework; path = System/Library/Frameworks/CoreLocation.framework; sourceTree = SDKROOT; };
		C8D20B522059AE1B00B32DD6 /* Messages.swift */ = {isa = PBXFileReference; lastKnownFileType = sourcecode.swift; path = Messages.swift; sourceTree = "<group>"; };
		C8EF082E204FE91D0038E7BE /* userInfo.swift */ = {isa = PBXFileReference; lastKnownFileType = sourcecode.swift; path = userInfo.swift; sourceTree = "<group>"; };
/* End PBXFileReference section */

/* Begin PBXFrameworksBuildPhase section */
		C88E694F204EFB54001B3AE2 /* Frameworks */ = {
			isa = PBXFrameworksBuildPhase;
			buildActionMask = 2147483647;
			files = (
				C8D1E21C206CCF7A00A97163 /* CoreLocation.framework in Frameworks */,
				F3A38779061385FE773198CD /* Pods_Geo_Chat.framework in Frameworks */,
			);
			runOnlyForDeploymentPostprocessing = 0;
		};
/* End PBXFrameworksBuildPhase section */

/* Begin PBXGroup section */
		342399752B5F272522EA8744 /* Pods */ = {
			isa = PBXGroup;
			children = (
				143F68D04D499A27B9F2768C /* Pods-Geo_Chat.debug.xcconfig */,
				390BAAC82E55A0D069E1AE28 /* Pods-Geo_Chat.release.xcconfig */,
			);
			name = Pods;
			sourceTree = "<group>";
		};
		C81940F2205B8F4600D4B2E9 /* ChatVC */ = {
			isa = PBXGroup;
			children = (
				C81940F0205B8F4000D4B2E9 /* ChatVCViewController.swift */,
				C8D20B522059AE1B00B32DD6 /* Messages.swift */,
			);
			path = ChatVC;
			sourceTree = "<group>";
		};
		C88E6949204EFB54001B3AE2 = {
			isa = PBXGroup;
			children = (
				C88E6954204EFB54001B3AE2 /* Geo_Chat */,
				C88E6953204EFB54001B3AE2 /* Products */,
				342399752B5F272522EA8744 /* Pods */,
				CFDA4530B0AA5639F8594B25 /* Frameworks */,
			);
			sourceTree = "<group>";
		};
		C88E6953204EFB54001B3AE2 /* Products */ = {
			isa = PBXGroup;
			children = (
				C88E6952204EFB54001B3AE2 /* Geo_Chat.app */,
			);
			name = Products;
			sourceTree = "<group>";
		};
		C88E6954204EFB54001B3AE2 /* Geo_Chat */ = {
			isa = PBXGroup;
			children = (
				C88E6955204EFB54001B3AE2 /* AppDelegate.swift */,
				C82115292066EC0D001EB8B9 /* DateAndTime.swift */,
				C8EF082E204FE91D0038E7BE /* userInfo.swift */,
				C81940F2205B8F4600D4B2E9 /* ChatVC */,
				C88E6959204EFB54001B3AE2 /* Main.storyboard */,
				C88E6975204F1D1C001B3AE2 /* ListChat */,
				C88E6970204F0B06001B3AE2 /* StartMain */,
				C88E695F204EFB54001B3AE2 /* Assets.xcassets */,
				C88E6961204EFB54001B3AE2 /* LaunchScreen.storyboard */,
				C88E6964204EFB54001B3AE2 /* Info.plist */,
				C88E696A204F03A8001B3AE2 /* GoogleService-Info.plist */,
				C88E696C204F0AE6001B3AE2 /* RegisteryViewController.swift */,
				C8266256206E5B3F00C8D601 /* Other code.swift */,
				C410835F2056B4DF00C47473 /* ReallyGoodViewController.swift */,
				C88E695C204EFB54001B3AE2 /* Geo_Chat.xcdatamodeld */,
			);
			path = Geo_Chat;
			sourceTree = "<group>";
		};
		C88E6970204F0B06001B3AE2 /* StartMain */ = {
			isa = PBXGroup;
			children = (
				C856DC722050451D007BF48D /* LoginViewController.swift */,
				C8A741022074B59900C93738 /* FirebaseOther.swift */,
				C8A9A0BB20741E2400FD512C /* RegisterNewUsers.swift */,
				C8A9A0B920741A4600FD512C /* MapCenterView.swift */,
				C8A9A0B72074161D00FD512C /* AnimationRegisteryView.swift */,
				C8BBFEBF2053D5BF00E6BC57 /* UserInfo.swift */,
			);
			path = StartMain;
			sourceTree = "<group>";
		};
		C88E6975204F1D1C001B3AE2 /* ListChat */ = {
			isa = PBXGroup;
			children = (
				C41083602056B4DF00C47473 /* ChatRoomTableViewCell.swift */,
				C861EACB206D251C00DD78DB /* NewRoom.swift */,
				C871FA09206BDF8500FCC657 /* ReallyGoodViewControllerList.swift */,
				C8BBFEC12053D70200E6BC57 /* Contacts.swift */,
			);
			path = ListChat;
			sourceTree = "<group>";
		};
		CFDA4530B0AA5639F8594B25 /* Frameworks */ = {
			isa = PBXGroup;
			children = (
				C8D1E21B206CCF7900A97163 /* CoreLocation.framework */,
				2CF934F196B2032C622AEC7C /* Pods_Geo_Chat.framework */,
			);
			name = Frameworks;
			sourceTree = "<group>";
		};
/* End PBXGroup section */

/* Begin PBXNativeTarget section */
		C88E6951204EFB54001B3AE2 /* Geo_Chat */ = {
			isa = PBXNativeTarget;
			buildConfigurationList = C88E6967204EFB54001B3AE2 /* Build configuration list for PBXNativeTarget "Geo_Chat" */;
			buildPhases = (
				75C6A73004B5DEADB46EA2A8 /* [CP] Check Pods Manifest.lock */,
				C88E694E204EFB54001B3AE2 /* Sources */,
				C88E694F204EFB54001B3AE2 /* Frameworks */,
				C88E6950204EFB54001B3AE2 /* Resources */,
				4EF98803E81BCCAAC963C53E /* [CP] Embed Pods Frameworks */,
				1F25CB93C596A9E7DA6E1FFE /* [CP] Copy Pods Resources */,
			);
			buildRules = (
			);
			dependencies = (
			);
			name = Geo_Chat;
			productName = Geo_Chat;
			productReference = C88E6952204EFB54001B3AE2 /* Geo_Chat.app */;
			productType = "com.apple.product-type.application";
		};
/* End PBXNativeTarget section */

/* Begin PBXProject section */
		C88E694A204EFB54001B3AE2 /* Project object */ = {
			isa = PBXProject;
			attributes = {
				LastSwiftUpdateCheck = 0920;
				LastUpgradeCheck = 0930;
				ORGANIZATIONNAME = "Артем Валерьевич";
				TargetAttributes = {
					C88E6951204EFB54001B3AE2 = {
						CreatedOnToolsVersion = 9.2;
						ProvisioningStyle = Automatic;
					};
				};
			};
			buildConfigurationList = C88E694D204EFB54001B3AE2 /* Build configuration list for PBXProject "Geo_Chat" */;
			compatibilityVersion = "Xcode 8.0";
			developmentRegion = en;
			hasScannedForEncodings = 0;
			knownRegions = (
				en,
				Base,
			);
			mainGroup = C88E6949204EFB54001B3AE2;
			productRefGroup = C88E6953204EFB54001B3AE2 /* Products */;
			projectDirPath = "";
			projectRoot = "";
			targets = (
				C88E6951204EFB54001B3AE2 /* Geo_Chat */,
			);
		};
/* End PBXProject section */

/* Begin PBXResourcesBuildPhase section */
		C88E6950204EFB54001B3AE2 /* Resources */ = {
			isa = PBXResourcesBuildPhase;
			buildActionMask = 2147483647;
			files = (
				C88E6963204EFB54001B3AE2 /* LaunchScreen.storyboard in Resources */,
				C88E696B204F03A8001B3AE2 /* GoogleService-Info.plist in Resources */,
				C88E6960204EFB54001B3AE2 /* Assets.xcassets in Resources */,
				C88E695B204EFB54001B3AE2 /* Main.storyboard in Resources */,
			);
			runOnlyForDeploymentPostprocessing = 0;
		};
/* End PBXResourcesBuildPhase section */

/* Begin PBXShellScriptBuildPhase section */
		1F25CB93C596A9E7DA6E1FFE /* [CP] Copy Pods Resources */ = {
			isa = PBXShellScriptBuildPhase;
			buildActionMask = 8;
			files = (
			);
			inputPaths = (
				"${SRCROOT}/Pods/Target Support Files/Pods-Geo_Chat/Pods-Geo_Chat-resources.sh",
				"${PODS_CONFIGURATION_BUILD_DIR}/FirebaseUI/FirebaseAuthUI.bundle",
				"${PODS_CONFIGURATION_BUILD_DIR}/FirebaseUI/FirebaseFacebookAuthUI.bundle",
			);
			name = "[CP] Copy Pods Resources";
			outputPaths = (
				"${TARGET_BUILD_DIR}/${UNLOCALIZED_RESOURCES_FOLDER_PATH}/FirebaseAuthUI.bundle",
				"${TARGET_BUILD_DIR}/${UNLOCALIZED_RESOURCES_FOLDER_PATH}/FirebaseFacebookAuthUI.bundle",
			);
			runOnlyForDeploymentPostprocessing = 1;
			shellPath = /bin/sh;
			shellScript = "\"${SRCROOT}/Pods/Target Support Files/Pods-Geo_Chat/Pods-Geo_Chat-resources.sh\"\n";
			showEnvVarsInLog = 0;
		};
		4EF98803E81BCCAAC963C53E /* [CP] Embed Pods Frameworks */ = {
			isa = PBXShellScriptBuildPhase;
			buildActionMask = 2147483647;
			files = (
			);
			inputPaths = (
				"${SRCROOT}/Pods/Target Support Files/Pods-Geo_Chat/Pods-Geo_Chat-frameworks.sh",
				"${BUILT_PRODUCTS_DIR}/GTMSessionFetcher/GTMSessionFetcher.framework",
				"${BUILT_PRODUCTS_DIR}/GoogleToolboxForMac/GoogleToolboxForMac.framework",
				"${BUILT_PRODUCTS_DIR}/JSQMessagesViewController/JSQMessagesViewController.framework",
				"${BUILT_PRODUCTS_DIR}/JSQSystemSoundPlayer/JSQSystemSoundPlayer.framework",
				"${BUILT_PRODUCTS_DIR}/leveldb-library/leveldb.framework",
				"${BUILT_PRODUCTS_DIR}/nanopb/nanopb.framework",
			);
			name = "[CP] Embed Pods Frameworks";
			outputPaths = (
				"${TARGET_BUILD_DIR}/${FRAMEWORKS_FOLDER_PATH}/GTMSessionFetcher.framework",
				"${TARGET_BUILD_DIR}/${FRAMEWORKS_FOLDER_PATH}/GoogleToolboxForMac.framework",
				"${TARGET_BUILD_DIR}/${FRAMEWORKS_FOLDER_PATH}/JSQMessagesViewController.framework",
				"${TARGET_BUILD_DIR}/${FRAMEWORKS_FOLDER_PATH}/JSQSystemSoundPlayer.framework",
				"${TARGET_BUILD_DIR}/${FRAMEWORKS_FOLDER_PATH}/leveldb.framework",
				"${TARGET_BUILD_DIR}/${FRAMEWORKS_FOLDER_PATH}/nanopb.framework",
			);
			runOnlyForDeploymentPostprocessing = 0;
			shellPath = /bin/sh;
			shellScript = "\"${SRCROOT}/Pods/Target Support Files/Pods-Geo_Chat/Pods-Geo_Chat-frameworks.sh\"\n";
			showEnvVarsInLog = 0;
		};
		75C6A73004B5DEADB46EA2A8 /* [CP] Check Pods Manifest.lock */ = {
			isa = PBXShellScriptBuildPhase;
			buildActionMask = 2147483647;
			files = (
			);
			inputPaths = (
				"${PODS_PODFILE_DIR_PATH}/Podfile.lock",
				"${PODS_ROOT}/Manifest.lock",
			);
			name = "[CP] Check Pods Manifest.lock";
			outputPaths = (
				"$(DERIVED_FILE_DIR)/Pods-Geo_Chat-checkManifestLockResult.txt",
			);
			runOnlyForDeploymentPostprocessing = 0;
			shellPath = /bin/sh;
			shellScript = "diff \"${PODS_PODFILE_DIR_PATH}/Podfile.lock\" \"${PODS_ROOT}/Manifest.lock\" > /dev/null\nif [ $? != 0 ] ; then\n    # print error to STDERR\n    echo \"error: The sandbox is not in sync with the Podfile.lock. Run 'pod install' or update your CocoaPods installation.\" >&2\n    exit 1\nfi\n# This output is used by Xcode 'outputs' to avoid re-running this script phase.\necho \"SUCCESS\" > \"${SCRIPT_OUTPUT_FILE_0}\"\n";
			showEnvVarsInLog = 0;
		};
/* End PBXShellScriptBuildPhase section */

/* Begin PBXSourcesBuildPhase section */
		C88E694E204EFB54001B3AE2 /* Sources */ = {
			isa = PBXSourcesBuildPhase;
			buildActionMask = 2147483647;
			files = (
				C8A9A0B82074161D00FD512C /* AnimationRegisteryView.swift in Sources */,
				C821152A2066EC0D001EB8B9 /* DateAndTime.swift in Sources */,
				C8A9A0BC20741E2400FD512C /* RegisterNewUsers.swift in Sources */,
				C88E696D204F0AE6001B3AE2 /* RegisteryViewController.swift in Sources */,
				C88E695E204EFB54001B3AE2 /* Geo_Chat.xcdatamodeld in Sources */,
				C8BBFEC22053D70200E6BC57 /* Contacts.swift in Sources */,
				C856DC732050451D007BF48D /* LoginViewController.swift in Sources */,
				C861EACC206D251C00DD78DB /* NewRoom.swift in Sources */,
				C8266257206E5B3F00C8D601 /* Other code.swift in Sources */,
				C41083622056B4DF00C47473 /* ChatRoomTableViewCell.swift in Sources */,
				C8BBFEC02053D5BF00E6BC57 /* UserInfo.swift in Sources */,
				C8A9A0BA20741A4600FD512C /* MapCenterView.swift in Sources */,
				C8D20B532059AE1B00B32DD6 /* Messages.swift in Sources */,
				C871FA0A206BDF8500FCC657 /* ReallyGoodViewControllerList.swift in Sources */,
				C41083612056B4DF00C47473 /* ReallyGoodViewController.swift in Sources */,
				C88E6956204EFB54001B3AE2 /* AppDelegate.swift in Sources */,
				C81940F1205B8F4000D4B2E9 /* ChatVCViewController.swift in Sources */,
				C8A741032074B59900C93738 /* FirebaseOther.swift in Sources */,
				C8EF082F204FE91D0038E7BE /* userInfo.swift in Sources */,
			);
			runOnlyForDeploymentPostprocessing = 0;
		};
/* End PBXSourcesBuildPhase section */

/* Begin PBXVariantGroup section */
		C88E6959204EFB54001B3AE2 /* Main.storyboard */ = {
			isa = PBXVariantGroup;
			children = (
				C88E695A204EFB54001B3AE2 /* Base */,
			);
			name = Main.storyboard;
			sourceTree = "<group>";
		};
		C88E6961204EFB54001B3AE2 /* LaunchScreen.storyboard */ = {
			isa = PBXVariantGroup;
			children = (
				C88E6962204EFB54001B3AE2 /* Base */,
			);
			name = LaunchScreen.storyboard;
			sourceTree = "<group>";
		};
/* End PBXVariantGroup section */

/* Begin XCBuildConfiguration section */
		C88E6965204EFB54001B3AE2 /* Debug */ = {
			isa = XCBuildConfiguration;
			buildSettings = {
				ALWAYS_SEARCH_USER_PATHS = NO;
				CLANG_ANALYZER_NONNULL = YES;
				CLANG_ANALYZER_NUMBER_OBJECT_CONVERSION = YES_AGGRESSIVE;
				CLANG_CXX_LANGUAGE_STANDARD = "gnu++14";
				CLANG_CXX_LIBRARY = "libc++";
				CLANG_ENABLE_MODULES = YES;
				CLANG_ENABLE_OBJC_ARC = YES;
				CLANG_WARN_BLOCK_CAPTURE_AUTORELEASING = YES;
				CLANG_WARN_BOOL_CONVERSION = YES;
				CLANG_WARN_COMMA = YES;
				CLANG_WARN_CONSTANT_CONVERSION = YES;
				CLANG_WARN_DEPRECATED_OBJC_IMPLEMENTATIONS = YES;
				CLANG_WARN_DIRECT_OBJC_ISA_USAGE = YES_ERROR;
				CLANG_WARN_DOCUMENTATION_COMMENTS = YES;
				CLANG_WARN_EMPTY_BODY = YES;
				CLANG_WARN_ENUM_CONVERSION = YES;
				CLANG_WARN_INFINITE_RECURSION = YES;
				CLANG_WARN_INT_CONVERSION = YES;
				CLANG_WARN_NON_LITERAL_NULL_CONVERSION = YES;
				CLANG_WARN_OBJC_IMPLICIT_RETAIN_SELF = YES;
				CLANG_WARN_OBJC_LITERAL_CONVERSION = YES;
				CLANG_WARN_OBJC_ROOT_CLASS = YES_ERROR;
				CLANG_WARN_RANGE_LOOP_ANALYSIS = YES;
				CLANG_WARN_STRICT_PROTOTYPES = YES;
				CLANG_WARN_SUSPICIOUS_MOVE = YES;
				CLANG_WARN_UNGUARDED_AVAILABILITY = YES_AGGRESSIVE;
				CLANG_WARN_UNREACHABLE_CODE = YES;
				CLANG_WARN__DUPLICATE_METHOD_MATCH = YES;
				CODE_SIGN_IDENTITY = "iPhone Developer";
				COPY_PHASE_STRIP = NO;
				DEBUG_INFORMATION_FORMAT = dwarf;
				ENABLE_STRICT_OBJC_MSGSEND = YES;
				ENABLE_TESTABILITY = YES;
				GCC_C_LANGUAGE_STANDARD = gnu11;
				GCC_DYNAMIC_NO_PIC = NO;
				GCC_NO_COMMON_BLOCKS = YES;
				GCC_OPTIMIZATION_LEVEL = 0;
				GCC_PREPROCESSOR_DEFINITIONS = (
					"DEBUG=1",
					"$(inherited)",
				);
				GCC_WARN_64_TO_32_BIT_CONVERSION = YES;
				GCC_WARN_ABOUT_RETURN_TYPE = YES_ERROR;
				GCC_WARN_UNDECLARED_SELECTOR = YES;
				GCC_WARN_UNINITIALIZED_AUTOS = YES_AGGRESSIVE;
				GCC_WARN_UNUSED_FUNCTION = YES;
				GCC_WARN_UNUSED_VARIABLE = YES;
				IPHONEOS_DEPLOYMENT_TARGET = 11.2;
				MTL_ENABLE_DEBUG_INFO = YES;
				ONLY_ACTIVE_ARCH = YES;
				SDKROOT = iphoneos;
				SWIFT_ACTIVE_COMPILATION_CONDITIONS = DEBUG;
				SWIFT_OPTIMIZATION_LEVEL = "-Onone";
			};
			name = Debug;
		};
		C88E6966204EFB54001B3AE2 /* Release */ = {
			isa = XCBuildConfiguration;
			buildSettings = {
				ALWAYS_SEARCH_USER_PATHS = NO;
				CLANG_ANALYZER_NONNULL = YES;
				CLANG_ANALYZER_NUMBER_OBJECT_CONVERSION = YES_AGGRESSIVE;
				CLANG_CXX_LANGUAGE_STANDARD = "gnu++14";
				CLANG_CXX_LIBRARY = "libc++";
				CLANG_ENABLE_MODULES = YES;
				CLANG_ENABLE_OBJC_ARC = YES;
				CLANG_WARN_BLOCK_CAPTURE_AUTORELEASING = YES;
				CLANG_WARN_BOOL_CONVERSION = YES;
				CLANG_WARN_COMMA = YES;
				CLANG_WARN_CONSTANT_CONVERSION = YES;
				CLANG_WARN_DEPRECATED_OBJC_IMPLEMENTATIONS = YES;
				CLANG_WARN_DIRECT_OBJC_ISA_USAGE = YES_ERROR;
				CLANG_WARN_DOCUMENTATION_COMMENTS = YES;
				CLANG_WARN_EMPTY_BODY = YES;
				CLANG_WARN_ENUM_CONVERSION = YES;
				CLANG_WARN_INFINITE_RECURSION = YES;
				CLANG_WARN_INT_CONVERSION = YES;
				CLANG_WARN_NON_LITERAL_NULL_CONVERSION = YES;
				CLANG_WARN_OBJC_IMPLICIT_RETAIN_SELF = YES;
				CLANG_WARN_OBJC_LITERAL_CONVERSION = YES;
				CLANG_WARN_OBJC_ROOT_CLASS = YES_ERROR;
				CLANG_WARN_RANGE_LOOP_ANALYSIS = YES;
				CLANG_WARN_STRICT_PROTOTYPES = YES;
				CLANG_WARN_SUSPICIOUS_MOVE = YES;
				CLANG_WARN_UNGUARDED_AVAILABILITY = YES_AGGRESSIVE;
				CLANG_WARN_UNREACHABLE_CODE = YES;
				CLANG_WARN__DUPLICATE_METHOD_MATCH = YES;
				CODE_SIGN_IDENTITY = "iPhone Developer";
				COPY_PHASE_STRIP = NO;
				DEBUG_INFORMATION_FORMAT = "dwarf-with-dsym";
				ENABLE_NS_ASSERTIONS = NO;
				ENABLE_STRICT_OBJC_MSGSEND = YES;
				GCC_C_LANGUAGE_STANDARD = gnu11;
				GCC_NO_COMMON_BLOCKS = YES;
				GCC_WARN_64_TO_32_BIT_CONVERSION = YES;
				GCC_WARN_ABOUT_RETURN_TYPE = YES_ERROR;
				GCC_WARN_UNDECLARED_SELECTOR = YES;
				GCC_WARN_UNINITIALIZED_AUTOS = YES_AGGRESSIVE;
				GCC_WARN_UNUSED_FUNCTION = YES;
				GCC_WARN_UNUSED_VARIABLE = YES;
				IPHONEOS_DEPLOYMENT_TARGET = 11.2;
				MTL_ENABLE_DEBUG_INFO = NO;
				SDKROOT = iphoneos;
				SWIFT_OPTIMIZATION_LEVEL = "-Owholemodule";
				VALIDATE_PRODUCT = YES;
			};
			name = Release;
		};
		C88E6968204EFB54001B3AE2 /* Debug */ = {
			isa = XCBuildConfiguration;
			baseConfigurationReference = 143F68D04D499A27B9F2768C /* Pods-Geo_Chat.debug.xcconfig */;
			buildSettings = {
				ASSETCATALOG_COMPILER_APPICON_NAME = AppIcon;
				CODE_SIGN_STYLE = Automatic;
				DEVELOPMENT_TEAM = U8N63RNE8K;
				INFOPLIST_FILE = Geo_Chat/Info.plist;
				IPHONEOS_DEPLOYMENT_TARGET = 10.3;
				LD_RUNPATH_SEARCH_PATHS = "$(inherited) @executable_path/Frameworks";
				PRODUCT_BUNDLE_IDENTIFIER = "ru.anna.Geo-Chat";
				PRODUCT_NAME = "$(TARGET_NAME)";
				SWIFT_VERSION = 4.0;
				TARGETED_DEVICE_FAMILY = "1,2";
			};
			name = Debug;
		};
		C88E6969204EFB54001B3AE2 /* Release */ = {
			isa = XCBuildConfiguration;
			baseConfigurationReference = 390BAAC82E55A0D069E1AE28 /* Pods-Geo_Chat.release.xcconfig */;
			buildSettings = {
				ASSETCATALOG_COMPILER_APPICON_NAME = AppIcon;
				CODE_SIGN_STYLE = Automatic;
				DEVELOPMENT_TEAM = U8N63RNE8K;
				INFOPLIST_FILE = Geo_Chat/Info.plist;
				IPHONEOS_DEPLOYMENT_TARGET = 10.3;
				LD_RUNPATH_SEARCH_PATHS = "$(inherited) @executable_path/Frameworks";
				PRODUCT_BUNDLE_IDENTIFIER = "ru.anna.Geo-Chat";
				PRODUCT_NAME = "$(TARGET_NAME)";
				SWIFT_VERSION = 4.0;
				TARGETED_DEVICE_FAMILY = "1,2";
			};
			name = Release;
		};
/* End XCBuildConfiguration section */

/* Begin XCConfigurationList section */
		C88E694D204EFB54001B3AE2 /* Build configuration list for PBXProject "Geo_Chat" */ = {
			isa = XCConfigurationList;
			buildConfigurations = (
				C88E6965204EFB54001B3AE2 /* Debug */,
				C88E6966204EFB54001B3AE2 /* Release */,
			);
			defaultConfigurationIsVisible = 0;
			defaultConfigurationName = Release;
		};
		C88E6967204EFB54001B3AE2 /* Build configuration list for PBXNativeTarget "Geo_Chat" */ = {
			isa = XCConfigurationList;
			buildConfigurations = (
				C88E6968204EFB54001B3AE2 /* Debug */,
				C88E6969204EFB54001B3AE2 /* Release */,
			);
			defaultConfigurationIsVisible = 0;
			defaultConfigurationName = Release;
		};
/* End XCConfigurationList section */

/* Begin XCVersionGroup section */
		C88E695C204EFB54001B3AE2 /* Geo_Chat.xcdatamodeld */ = {
			isa = XCVersionGroup;
			children = (
				C88E695D204EFB54001B3AE2 /* Geo_Chat.xcdatamodel */,
			);
			currentVersion = C88E695D204EFB54001B3AE2 /* Geo_Chat.xcdatamodel */;
			path = Geo_Chat.xcdatamodeld;
			sourceTree = "<group>";
			versionGroupType = wrapper.xcdatamodel;
		};
/* End XCVersionGroup section */
	};
	rootObject = C88E694A204EFB54001B3AE2 /* Project object */;
}
